
Microsoft Visual Studio Solution File, Format Version 12.00
# Visual Studio Version 16
VisualStudioVersion = 16.0.32407.337
MinimumVisualStudioVersion = 10.0.40219.1
Project("{FAE04EC0-301F-11D3-BF4B-00C04F79EFBC}") = "QLCH", "QLCH\QLCH.csproj", "{2D2074D7-1899-4FD5-B6C3-80FFA8D20121}"
EndProject
Project("{FAE04EC0-301F-11D3-BF4B-00C04F79EFBC}") = "BUS", "BUS\BUS.csproj", "{BE0EB751-56F8-4235-81DE-263792A83969}"
EndProject
Project("{FAE04EC0-301F-11D3-BF4B-00C04F79EFBC}") = "DAO", "DAO\DAO.csproj", "{81AF3CB3-6BD6-4795-8F66-F74F1177342C}"
EndProject
Project("{FAE04EC0-301F-11D3-BF4B-00C04F79EFBC}") = "DTO", "DTO\DTO.csproj", "{51E23029-9DF2-4805-BEF6-6622B45384BC}"
EndProject
Global
	GlobalSection(SolutionConfigurationPlatforms) = preSolution
		Debug|Any CPU = Debug|Any CPU
		Release|Any CPU = Release|Any CPU
	EndGlobalSection
	GlobalSection(ProjectConfigurationPlatforms) = postSolution
		{2D2074D7-1899-4FD5-B6C3-80FFA8D20121}.Debug|Any CPU.ActiveCfg = Debug|Any CPU
		{2D2074D7-1899-4FD5-B6C3-80FFA8D20121}.Debug|Any CPU.Build.0 = Debug|Any CPU
		{2D2074D7-1899-4FD5-B6C3-80FFA8D20121}.Release|Any CPU.ActiveCfg = Release|Any CPU
		{2D2074D7-1899-4FD5-B6C3-80FFA8D20121}.Release|Any CPU.Build.0 = Release|Any CPU
		{BE0EB751-56F8-4235-81DE-263792A83969}.Debug|Any CPU.ActiveCfg = Debug|Any CPU
		{BE0EB751-56F8-4235-81DE-263792A83969}.Debug|Any CPU.Build.0 = Debug|Any CPU
		{BE0EB751-56F8-4235-81DE-263792A83969}.Release|Any CPU.ActiveCfg = Release|Any CPU
		{BE0EB751-56F8-4235-81DE-263792A83969}.Release|Any CPU.Build.0 = Release|Any CPU
		{81AF3CB3-6BD6-4795-8F66-F74F1177342C}.Debug|Any CPU.ActiveCfg = Debug|Any CPU
		{81AF3CB3-6BD6-4795-8F66-F74F1177342C}.Debug|Any CPU.Build.0 = Debug|Any CPU
		{81AF3CB3-6BD6-4795-8F66-F74F1177342C}.Release|Any CPU.ActiveCfg = Release|Any CPU
		{81AF3CB3-6BD6-4795-8F66-F74F1177342C}.Release|Any CPU.Build.0 = Release|Any CPU
		{51E23029-9DF2-4805-BEF6-6622B45384BC}.Debug|Any CPU.ActiveCfg = Debug|Any CPU
		{51E23029-9DF2-4805-BEF6-6622B45384BC}.Debug|Any CPU.Build.0 = Debug|Any CPU
		{51E23029-9DF2-4805-BEF6-6622B45384BC}.Release|Any CPU.ActiveCfg = Release|Any CPU
		{51E23029-9DF2-4805-BEF6-6622B45384BC}.Release|Any CPU.Build.0 = Release|Any CPU
	EndGlobalSection
	GlobalSection(SolutionProperties) = preSolution
		HideSolutionNode = FALSE
	EndGlobalSection
	GlobalSection(ExtensibilityGlobals) = postSolution
		SolutionGuid = {7F928CAC-0BCA-4717-B954-B46FFB4EFDD6}
	EndGlobalSection
EndGlobal
